# This is a Gradle generated file for dependency locking.
# Manual edits can break the build and are not advised.
# This file is expected to be part of source control.
org.springframework.boot:spring-boot-autoconfigure:2.2.0.RELEASE
org.springframework.boot:spring-boot-devtools:2.2.0.RELEASE
org.springframework.boot:spring-boot:2.2.0.RELEASE
org.springframework:spring-aop:5.2.0.RELEASE
org.springframework:spring-beans:5.2.0.RELEASE
org.springframework:spring-context:5.2.0.RELEASE
org.springframework:spring-core:5.2.0.RELEASE
org.springframework:spring-expression:5.2.0.RELEASE
org.springframework:spring-jcl:5.2.0.RELEASE
