# This is a Gradle generated file for dependency locking.
# Manual edits can break the build and are not advised.
# This file is expected to be part of source control.
antlr:antlr:2.7.7
ch.qos.logback:logback-classic:1.2.3
ch.qos.logback:logback-core:1.2.3
com.fasterxml.jackson.core:jackson-annotations:2.10.0
com.fasterxml.jackson.core:jackson-core:2.10.0
com.fasterxml.jackson.core:jackson-databind:2.10.0
com.fasterxml.jackson.datatype:jackson-datatype-jdk8:2.10.0
com.fasterxml.jackson.datatype:jackson-datatype-jsr310:2.10.0
com.fasterxml.jackson.module:jackson-module-parameter-names:2.10.0
com.fasterxml:classmate:1.5.0
com.github.stephenc.jcip:jcip-annotations:1.0-1
com.google.api-client:google-api-client:1.31.1
com.google.code.findbugs:jsr305:3.0.2
com.google.errorprone:error_prone_annotations:2.3.4
com.google.guava:failureaccess:1.0.1
com.google.guava:guava:30.0-android
com.google.guava:listenablefuture:9999.0-empty-to-avoid-conflict-with-guava
com.google.http-client:google-http-client-apache-v2:1.38.0
com.google.http-client:google-http-client-jackson2:1.38.0
com.google.http-client:google-http-client:1.38.0
com.google.j2objc:j2objc-annotations:1.3
com.google.oauth-client:google-oauth-client:1.31.2
com.maxmind.db:maxmind-db:1.0.0
com.maxmind.geoip2:geoip2:2.3.1
com.nimbusds:lang-tag:1.5
com.nimbusds:nimbus-jose-jwt:7.8
com.nimbusds:oauth2-oidc-sdk:6.14
com.sun.activation:jakarta.activation:1.2.1
com.sun.istack:istack-commons-runtime:3.0.8
com.sun.mail:jakarta.mail:1.6.4
com.sun.xml.fastinfoset:FastInfoset:1.2.16
com.zaxxer:HikariCP:3.4.1
commons-codec:commons-codec:1.13
io.grpc:grpc-context:1.22.1
io.jsonwebtoken:jjwt:0.9.1
io.lettuce:lettuce-core:5.2.0.RELEASE
io.netty:netty-buffer:4.1.42.Final
io.netty:netty-codec:4.1.42.Final
io.netty:netty-common:4.1.42.Final
io.netty:netty-handler:4.1.42.Final
io.netty:netty-resolver:4.1.42.Final
io.netty:netty-transport:4.1.42.Final
io.opencensus:opencensus-api:0.24.0
io.opencensus:opencensus-contrib-http-util:0.24.0
io.projectreactor:reactor-core:3.3.0.RELEASE
jakarta.activation:jakarta.activation-api:1.2.1
jakarta.annotation:jakarta.annotation-api:1.3.5
jakarta.persistence:jakarta.persistence-api:2.2.3
jakarta.transaction:jakarta.transaction-api:1.3.3
jakarta.validation:jakarta.validation-api:2.0.1
jakarta.xml.bind:jakarta.xml.bind-api:2.3.2
javax.persistence:javax.persistence-api:2.2
javax.validation:validation-api:2.0.1.Final
joda-time:joda-time:2.10.6
net.bytebuddy:byte-buddy:1.10.1
net.minidev:accessors-smart:1.2
net.minidev:json-smart:2.3
org.apache.commons:commons-pool2:2.7.0
org.apache.httpcomponents:httpclient:4.5.10
org.apache.httpcomponents:httpcore:4.4.12
org.apache.logging.log4j:log4j-api:2.12.1
org.apache.logging.log4j:log4j-to-slf4j:2.12.1
org.apache.tomcat.embed:tomcat-embed-core:9.0.27
org.apache.tomcat.embed:tomcat-embed-el:9.0.27
org.apache.tomcat.embed:tomcat-embed-websocket:9.0.27
org.aspectj:aspectjweaver:1.9.4
org.checkerframework:checker-compat-qual:2.5.5
org.dom4j:dom4j:2.1.1
org.glassfish.jaxb:jaxb-runtime:2.3.2
org.glassfish.jaxb:txw2:2.3.2
org.hibernate.common:hibernate-commons-annotations:5.1.0.Final
org.hibernate.validator:hibernate-validator:6.0.17.Final
org.hibernate:hibernate-core:5.4.6.Final
org.javassist:javassist:3.24.0-GA
org.jboss.aerogear:aerogear-otp-java:1.0.0
org.jboss.logging:jboss-logging:3.4.1.Final
org.jboss:jandex:2.0.5.Final
org.jvnet.staxex:stax-ex:1.8.1
org.ow2.asm:asm:5.0.4
org.postgresql:postgresql:42.2.8
org.reactivestreams:reactive-streams:1.0.3
org.slf4j:jul-to-slf4j:1.7.28
org.slf4j:slf4j-api:1.7.28
org.springframework.boot:spring-boot-autoconfigure:2.2.0.RELEASE
org.springframework.boot:spring-boot-devtools:2.2.0.RELEASE
org.springframework.boot:spring-boot-starter-aop:2.2.0.RELEASE
org.springframework.boot:spring-boot-starter-data-jpa:2.2.0.RELEASE
org.springframework.boot:spring-boot-starter-data-redis:2.2.0.RELEASE
org.springframework.boot:spring-boot-starter-jdbc:2.2.0.RELEASE
org.springframework.boot:spring-boot-starter-json:2.2.0.RELEASE
org.springframework.boot:spring-boot-starter-logging:2.2.0.RELEASE
org.springframework.boot:spring-boot-starter-mail:2.2.5.RELEASE
org.springframework.boot:spring-boot-starter-oauth2-client:2.2.0.RELEASE
org.springframework.boot:spring-boot-starter-security:2.2.0.RELEASE
org.springframework.boot:spring-boot-starter-tomcat:2.2.0.RELEASE
org.springframework.boot:spring-boot-starter-validation:2.2.0.RELEASE
org.springframework.boot:spring-boot-starter-web:2.2.0.RELEASE
org.springframework.boot:spring-boot-starter:2.2.0.RELEASE
org.springframework.boot:spring-boot:2.2.0.RELEASE
org.springframework.data:spring-data-commons:2.2.0.RELEASE
org.springframework.data:spring-data-jpa:2.2.0.RELEASE
org.springframework.data:spring-data-keyvalue:2.2.0.RELEASE
org.springframework.data:spring-data-redis:2.2.0.RELEASE
org.springframework.security:spring-security-config:5.2.0.RELEASE
org.springframework.security:spring-security-core:5.2.0.RELEASE
org.springframework.security:spring-security-oauth2-client:5.2.0.RELEASE
org.springframework.security:spring-security-oauth2-core:5.2.0.RELEASE
org.springframework.security:spring-security-oauth2-jose:5.2.0.RELEASE
org.springframework.security:spring-security-web:5.2.0.RELEASE
org.springframework.session:spring-session-core:2.2.0.RELEASE
org.springframework.session:spring-session-data-redis:2.2.0.RELEASE
org.springframework:spring-aop:5.2.0.RELEASE
org.springframework:spring-aspects:5.2.0.RELEASE
org.springframework:spring-beans:5.2.0.RELEASE
org.springframework:spring-context-support:5.2.0.RELEASE
org.springframework:spring-context:5.2.0.RELEASE
org.springframework:spring-core:5.2.0.RELEASE
org.springframework:spring-expression:5.2.0.RELEASE
org.springframework:spring-jcl:5.2.0.RELEASE
org.springframework:spring-jdbc:5.2.0.RELEASE
org.springframework:spring-orm:5.2.0.RELEASE
org.springframework:spring-oxm:5.2.0.RELEASE
org.springframework:spring-tx:5.2.0.RELEASE
org.springframework:spring-web:5.2.0.RELEASE
org.springframework:spring-webmvc:5.2.0.RELEASE
org.yaml:snakeyaml:1.25
redis.clients:jedis:3.2.0
